
Microsoft Visual Studio Solution File, Format Version 12.00
# Visual Studio 14
VisualStudioVersion = 14.0.25420.1
MinimumVisualStudioVersion = 10.0.40219.1
Project("{FAE04EC0-301F-11D3-BF4B-00C04F79EFBC}") = "PrismDeGroupingList", "PrismDeGroupingList\PrismDeGroupingList\PrismDeGroupingList.csproj", "{ABF5F17B-D6C7-4D19-A2B9-D3CAE5BEBA6B}"
EndProject
Project("{FAE04EC0-301F-11D3-BF4B-00C04F79EFBC}") = "PrismDeGroupingList.Droid", "PrismDeGroupingList\PrismDeGroupingList.Droid\PrismDeGroupingList.Droid.csproj", "{53A17A5A-A77F-4521-90DA-4E3B6FDBEBA4}"
EndProject
Project("{FAE04EC0-301F-11D3-BF4B-00C04F79EFBC}") = "PrismDeGroupingList.iOS", "PrismDeGroupingList\PrismDeGroupingList.iOS\PrismDeGroupingList.iOS.csproj", "{212B75AE-25FA-459E-866E-F1313FB511CA}"
EndProject
Global
	GlobalSection(SolutionConfigurationPlatforms) = preSolution
		Ad-Hoc|Any CPU = Ad-Hoc|Any CPU
		Ad-Hoc|iPhone = Ad-Hoc|iPhone
		Ad-Hoc|iPhoneSimulator = Ad-Hoc|iPhoneSimulator
		AppStore|Any CPU = AppStore|Any CPU
		AppStore|iPhone = AppStore|iPhone
		AppStore|iPhoneSimulator = AppStore|iPhoneSimulator
		Debug|Any CPU = Debug|Any CPU
		Debug|iPhone = Debug|iPhone
		Debug|iPhoneSimulator = Debug|iPhoneSimulator
		Release|Any CPU = Release|Any CPU
		Release|iPhone = Release|iPhone
		Release|iPhoneSimulator = Release|iPhoneSimulator
	EndGlobalSection
	GlobalSection(ProjectConfigurationPlatforms) = postSolution
		{ABF5F17B-D6C7-4D19-A2B9-D3CAE5BEBA6B}.Ad-Hoc|Any CPU.ActiveCfg = Release|Any CPU
		{ABF5F17B-D6C7-4D19-A2B9-D3CAE5BEBA6B}.Ad-Hoc|Any CPU.Build.0 = Release|Any CPU
		{ABF5F17B-D6C7-4D19-A2B9-D3CAE5BEBA6B}.Ad-Hoc|iPhone.ActiveCfg = Release|Any CPU
		{ABF5F17B-D6C7-4D19-A2B9-D3CAE5BEBA6B}.Ad-Hoc|iPhone.Build.0 = Release|Any CPU
		{ABF5F17B-D6C7-4D19-A2B9-D3CAE5BEBA6B}.Ad-Hoc|iPhoneSimulator.ActiveCfg = Release|Any CPU
		{ABF5F17B-D6C7-4D19-A2B9-D3CAE5BEBA6B}.Ad-Hoc|iPhoneSimulator.Build.0 = Release|Any CPU
		{ABF5F17B-D6C7-4D19-A2B9-D3CAE5BEBA6B}.AppStore|Any CPU.ActiveCfg = Release|Any CPU
		{ABF5F17B-D6C7-4D19-A2B9-D3CAE5BEBA6B}.AppStore|Any CPU.Build.0 = Release|Any CPU
		{ABF5F17B-D6C7-4D19-A2B9-D3CAE5BEBA6B}.AppStore|iPhone.ActiveCfg = Release|Any CPU
		{ABF5F17B-D6C7-4D19-A2B9-D3CAE5BEBA6B}.AppStore|iPhone.Build.0 = Release|Any CPU
		{ABF5F17B-D6C7-4D19-A2B9-D3CAE5BEBA6B}.AppStore|iPhoneSimulator.ActiveCfg = Release|Any CPU
		{ABF5F17B-D6C7-4D19-A2B9-D3CAE5BEBA6B}.AppStore|iPhoneSimulator.Build.0 = Release|Any CPU
		{ABF5F17B-D6C7-4D19-A2B9-D3CAE5BEBA6B}.Debug|Any CPU.ActiveCfg = Debug|Any CPU
		{ABF5F17B-D6C7-4D19-A2B9-D3CAE5BEBA6B}.Debug|Any CPU.Build.0 = Debug|Any CPU
		{ABF5F17B-D6C7-4D19-A2B9-D3CAE5BEBA6B}.Debug|iPhone.ActiveCfg = Debug|Any CPU
		{ABF5F17B-D6C7-4D19-A2B9-D3CAE5BEBA6B}.Debug|iPhone.Build.0 = Debug|Any CPU
		{ABF5F17B-D6C7-4D19-A2B9-D3CAE5BEBA6B}.Debug|iPhoneSimulator.ActiveCfg = Debug|Any CPU
		{ABF5F17B-D6C7-4D19-A2B9-D3CAE5BEBA6B}.Debug|iPhoneSimulator.Build.0 = Debug|Any CPU
		{ABF5F17B-D6C7-4D19-A2B9-D3CAE5BEBA6B}.Release|Any CPU.ActiveCfg = Release|Any CPU
		{ABF5F17B-D6C7-4D19-A2B9-D3CAE5BEBA6B}.Release|Any CPU.Build.0 = Release|Any CPU
		{ABF5F17B-D6C7-4D19-A2B9-D3CAE5BEBA6B}.Release|iPhone.ActiveCfg = Release|Any CPU
		{ABF5F17B-D6C7-4D19-A2B9-D3CAE5BEBA6B}.Release|iPhone.Build.0 = Release|Any CPU
		{ABF5F17B-D6C7-4D19-A2B9-D3CAE5BEBA6B}.Release|iPhoneSimulator.ActiveCfg = Release|Any CPU
		{ABF5F17B-D6C7-4D19-A2B9-D3CAE5BEBA6B}.Release|iPhoneSimulator.Build.0 = Release|Any CPU
		{53A17A5A-A77F-4521-90DA-4E3B6FDBEBA4}.Ad-Hoc|Any CPU.ActiveCfg = Release|Any CPU
		{53A17A5A-A77F-4521-90DA-4E3B6FDBEBA4}.Ad-Hoc|Any CPU.Build.0 = Release|Any CPU
		{53A17A5A-A77F-4521-90DA-4E3B6FDBEBA4}.Ad-Hoc|Any CPU.Deploy.0 = Release|Any CPU
		{53A17A5A-A77F-4521-90DA-4E3B6FDBEBA4}.Ad-Hoc|iPhone.ActiveCfg = Release|Any CPU
		{53A17A5A-A77F-4521-90DA-4E3B6FDBEBA4}.Ad-Hoc|iPhone.Build.0 = Release|Any CPU
		{53A17A5A-A77F-4521-90DA-4E3B6FDBEBA4}.Ad-Hoc|iPhone.Deploy.0 = Release|Any CPU
		{53A17A5A-A77F-4521-90DA-4E3B6FDBEBA4}.Ad-Hoc|iPhoneSimulator.ActiveCfg = Release|Any CPU
		{53A17A5A-A77F-4521-90DA-4E3B6FDBEBA4}.Ad-Hoc|iPhoneSimulator.Build.0 = Release|Any CPU
		{53A17A5A-A77F-4521-90DA-4E3B6FDBEBA4}.Ad-Hoc|iPhoneSimulator.Deploy.0 = Release|Any CPU
		{53A17A5A-A77F-4521-90DA-4E3B6FDBEBA4}.AppStore|Any CPU.ActiveCfg = Release|Any CPU
		{53A17A5A-A77F-4521-90DA-4E3B6FDBEBA4}.AppStore|Any CPU.Build.0 = Release|Any CPU
		{53A17A5A-A77F-4521-90DA-4E3B6FDBEBA4}.AppStore|Any CPU.Deploy.0 = Release|Any CPU
		{53A17A5A-A77F-4521-90DA-4E3B6FDBEBA4}.AppStore|iPhone.ActiveCfg = Release|Any CPU
		{53A17A5A-A77F-4521-90DA-4E3B6FDBEBA4}.AppStore|iPhone.Build.0 = Release|Any CPU
		{53A17A5A-A77F-4521-90DA-4E3B6FDBEBA4}.AppStore|iPhone.Deploy.0 = Release|Any CPU
		{53A17A5A-A77F-4521-90DA-4E3B6FDBEBA4}.AppStore|iPhoneSimulator.ActiveCfg = Release|Any CPU
		{53A17A5A-A77F-4521-90DA-4E3B6FDBEBA4}.AppStore|iPhoneSimulator.Build.0 = Release|Any CPU
		{53A17A5A-A77F-4521-90DA-4E3B6FDBEBA4}.AppStore|iPhoneSimulator.Deploy.0 = Release|Any CPU
		{53A17A5A-A77F-4521-90DA-4E3B6FDBEBA4}.Debug|Any CPU.ActiveCfg = Debug|Any CPU
		{53A17A5A-A77F-4521-90DA-4E3B6FDBEBA4}.Debug|Any CPU.Build.0 = Debug|Any CPU
		{53A17A5A-A77F-4521-90DA-4E3B6FDBEBA4}.Debug|Any CPU.Deploy.0 = Debug|Any CPU
		{53A17A5A-A77F-4521-90DA-4E3B6FDBEBA4}.Debug|iPhone.ActiveCfg = Debug|Any CPU
		{53A17A5A-A77F-4521-90DA-4E3B6FDBEBA4}.Debug|iPhone.Build.0 = Debug|Any CPU
		{53A17A5A-A77F-4521-90DA-4E3B6FDBEBA4}.Debug|iPhone.Deploy.0 = Debug|Any CPU
		{53A17A5A-A77F-4521-90DA-4E3B6FDBEBA4}.Debug|iPhoneSimulator.ActiveCfg = Debug|Any CPU
		{53A17A5A-A77F-4521-90DA-4E3B6FDBEBA4}.Debug|iPhoneSimulator.Build.0 = Debug|Any CPU
		{53A17A5A-A77F-4521-90DA-4E3B6FDBEBA4}.Debug|iPhoneSimulator.Deploy.0 = Debug|Any CPU
		{53A17A5A-A77F-4521-90DA-4E3B6FDBEBA4}.Release|Any CPU.ActiveCfg = Release|Any CPU
		{53A17A5A-A77F-4521-90DA-4E3B6FDBEBA4}.Release|Any CPU.Build.0 = Release|Any CPU
		{53A17A5A-A77F-4521-90DA-4E3B6FDBEBA4}.Release|Any CPU.Deploy.0 = Release|Any CPU
		{53A17A5A-A77F-4521-90DA-4E3B6FDBEBA4}.Release|iPhone.ActiveCfg = Release|Any CPU
		{53A17A5A-A77F-4521-90DA-4E3B6FDBEBA4}.Release|iPhone.Build.0 = Release|Any CPU
		{53A17A5A-A77F-4521-90DA-4E3B6FDBEBA4}.Release|iPhone.Deploy.0 = Release|Any CPU
		{53A17A5A-A77F-4521-90DA-4E3B6FDBEBA4}.Release|iPhoneSimulator.ActiveCfg = Release|Any CPU
		{53A17A5A-A77F-4521-90DA-4E3B6FDBEBA4}.Release|iPhoneSimulator.Build.0 = Release|Any CPU
		{53A17A5A-A77F-4521-90DA-4E3B6FDBEBA4}.Release|iPhoneSimulator.Deploy.0 = Release|Any CPU
		{212B75AE-25FA-459E-866E-F1313FB511CA}.Ad-Hoc|Any CPU.ActiveCfg = Ad-Hoc|iPhone
		{212B75AE-25FA-459E-866E-F1313FB511CA}.Ad-Hoc|iPhone.ActiveCfg = Ad-Hoc|iPhone
		{212B75AE-25FA-459E-866E-F1313FB511CA}.Ad-Hoc|iPhone.Build.0 = Ad-Hoc|iPhone
		{212B75AE-25FA-459E-866E-F1313FB511CA}.Ad-Hoc|iPhoneSimulator.ActiveCfg = Ad-Hoc|iPhoneSimulator
		{212B75AE-25FA-459E-866E-F1313FB511CA}.Ad-Hoc|iPhoneSimulator.Build.0 = Ad-Hoc|iPhoneSimulator
		{212B75AE-25FA-459E-866E-F1313FB511CA}.AppStore|Any CPU.ActiveCfg = AppStore|iPhone
		{212B75AE-25FA-459E-866E-F1313FB511CA}.AppStore|iPhone.ActiveCfg = AppStore|iPhone
		{212B75AE-25FA-459E-866E-F1313FB511CA}.AppStore|iPhone.Build.0 = AppStore|iPhone
		{212B75AE-25FA-459E-866E-F1313FB511CA}.AppStore|iPhoneSimulator.ActiveCfg = AppStore|iPhoneSimulator
		{212B75AE-25FA-459E-866E-F1313FB511CA}.AppStore|iPhoneSimulator.Build.0 = AppStore|iPhoneSimulator
		{212B75AE-25FA-459E-866E-F1313FB511CA}.Debug|Any CPU.ActiveCfg = Debug|iPhone
		{212B75AE-25FA-459E-866E-F1313FB511CA}.Debug|iPhone.ActiveCfg = Debug|iPhone
		{212B75AE-25FA-459E-866E-F1313FB511CA}.Debug|iPhone.Build.0 = Debug|iPhone
		{212B75AE-25FA-459E-866E-F1313FB511CA}.Debug|iPhoneSimulator.ActiveCfg = Debug|iPhoneSimulator
		{212B75AE-25FA-459E-866E-F1313FB511CA}.Debug|iPhoneSimulator.Build.0 = Debug|iPhoneSimulator
		{212B75AE-25FA-459E-866E-F1313FB511CA}.Release|Any CPU.ActiveCfg = Release|iPhone
		{212B75AE-25FA-459E-866E-F1313FB511CA}.Release|iPhone.ActiveCfg = Release|iPhone
		{212B75AE-25FA-459E-866E-F1313FB511CA}.Release|iPhone.Build.0 = Release|iPhone
		{212B75AE-25FA-459E-866E-F1313FB511CA}.Release|iPhoneSimulator.ActiveCfg = Release|iPhoneSimulator
		{212B75AE-25FA-459E-866E-F1313FB511CA}.Release|iPhoneSimulator.Build.0 = Release|iPhoneSimulator
	EndGlobalSection
	GlobalSection(SolutionProperties) = preSolution
		HideSolutionNode = FALSE
	EndGlobalSection
EndGlobal
